{
  "version": 4,
  "terraform_version": "1.6.3",
  "serial": 11,
  "lineage": "7aa22ab6-cb96-000a-804d-21f8b3f11853",
  "outputs": {},
  "resources": [
    {
      "mode": "managed",
      "type": "azurerm_lb",
      "name": "lbr",
      "provider": "provider[\"registry.terraform.io/hashicorp/azurerm\"]",
      "instances": [
        {
          "schema_version": 0,
          "attributes": {
            "edge_zone": "",
            "frontend_ip_configuration": [
              {
                "gateway_load_balancer_frontend_ip_configuration_id": "",
                "id": "/subscriptions/a5b2fb36-2de8-4f3e-88ce-81d365b92474/resourceGroups/rg/providers/Microsoft.Network/loadBalancers/my-lb/frontendIPConfigurations/PublicIPAddress",
                "inbound_nat_rules": [],
                "load_balancer_rules": [
                  "/subscriptions/a5b2fb36-2de8-4f3e-88ce-81d365b92474/resourceGroups/rg/providers/Microsoft.Network/loadBalancers/my-lb/loadBalancingRules/LBRuleHTTP",
                  "/subscriptions/a5b2fb36-2de8-4f3e-88ce-81d365b92474/resourceGroups/rg/providers/Microsoft.Network/loadBalancers/my-lb/loadBalancingRules/LBRuleHTTPS"
                ],
                "name": "PublicIPAddress",
                "outbound_rules": [],
                "private_ip_address": "",
                "private_ip_address_allocation": "Dynamic",
                "private_ip_address_version": "",
                "public_ip_address_id": "/subscriptions/a5b2fb36-2de8-4f3e-88ce-81d365b92474/resourceGroups/rg/providers/Microsoft.Network/publicIPAddresses/my-pip",
                "public_ip_prefix_id": "",
                "subnet_id": "",
                "zones": []
              }
            ],
            "id": "/subscriptions/a5b2fb36-2de8-4f3e-88ce-81d365b92474/resourceGroups/rg/providers/Microsoft.Network/loadBalancers/my-lb",
            "location": "eastasia",
            "name": "my-lb",
            "private_ip_address": "",
            "private_ip_addresses": [],
            "resource_group_name": "rg",
            "sku": "Standard",
            "sku_tier": "Regional",
            "tags": {
              "environment": "Dev",
              "owner": "huyldq1",
              "projectname": "azure-lab"
            },
            "timeouts": null
          },
          "sensitive_attributes": [],
          "private": "eyJlMmJmYjczMC1lY2FhLTExZTYtOGY4OC0zNDM2M2JjN2M0YzAiOnsiY3JlYXRlIjoxODAwMDAwMDAwMDAwLCJkZWxldGUiOjE4MDAwMDAwMDAwMDAsInJlYWQiOjMwMDAwMDAwMDAwMCwidXBkYXRlIjoxODAwMDAwMDAwMDAwfX0=",
          "dependencies": [
            "azurerm_public_ip.lbpip",
            "azurerm_resource_group.rg"
          ]
        }
      ]
    },
    {
      "mode": "managed",
      "type": "azurerm_lb_backend_address_pool",
      "name": "bepool",
      "provider": "provider[\"registry.terraform.io/hashicorp/azurerm\"]",
      "instances": [
        {
          "schema_version": 0,
          "attributes": {
            "backend_ip_configurations": [],
            "id": "/subscriptions/a5b2fb36-2de8-4f3e-88ce-81d365b92474/resourceGroups/rg/providers/Microsoft.Network/loadBalancers/my-lb/backendAddressPools/BackEndAddressPool",
            "inbound_nat_rules": [],
            "load_balancing_rules": [
              "/subscriptions/a5b2fb36-2de8-4f3e-88ce-81d365b92474/resourceGroups/rg/providers/Microsoft.Network/loadBalancers/my-lb/loadBalancingRules/LBRuleHTTPS",
              "/subscriptions/a5b2fb36-2de8-4f3e-88ce-81d365b92474/resourceGroups/rg/providers/Microsoft.Network/loadBalancers/my-lb/loadBalancingRules/LBRuleHTTP"
            ],
            "loadbalancer_id": "/subscriptions/a5b2fb36-2de8-4f3e-88ce-81d365b92474/resourceGroups/rg/providers/Microsoft.Network/loadBalancers/my-lb",
            "name": "BackEndAddressPool",
            "outbound_rules": [],
            "timeouts": null,
            "tunnel_interface": [],
            "virtual_network_id": ""
          },
          "sensitive_attributes": [],
          "private": "eyJlMmJmYjczMC1lY2FhLTExZTYtOGY4OC0zNDM2M2JjN2M0YzAiOnsiY3JlYXRlIjoxODAwMDAwMDAwMDAwLCJkZWxldGUiOjE4MDAwMDAwMDAwMDAsInJlYWQiOjMwMDAwMDAwMDAwMCwidXBkYXRlIjoxODAwMDAwMDAwMDAwfX0=",
          "dependencies": [
            "azurerm_lb.lbr",
            "azurerm_public_ip.lbpip",
            "azurerm_resource_group.rg"
          ]
        }
      ]
    },
    {
      "mode": "managed",
      "type": "azurerm_lb_probe",
      "name": "lbprobe",
      "provider": "provider[\"registry.terraform.io/hashicorp/azurerm\"]",
      "instances": [
        {
          "schema_version": 0,
          "attributes": {
            "id": "/subscriptions/a5b2fb36-2de8-4f3e-88ce-81d365b92474/resourceGroups/rg/providers/Microsoft.Network/loadBalancers/my-lb/probes/http-probe",
            "interval_in_seconds": 15,
            "load_balancer_rules": [
              "/subscriptions/a5b2fb36-2de8-4f3e-88ce-81d365b92474/resourceGroups/rg/providers/Microsoft.Network/loadBalancers/my-lb/loadBalancingRules/LBRuleHTTP",
              "/subscriptions/a5b2fb36-2de8-4f3e-88ce-81d365b92474/resourceGroups/rg/providers/Microsoft.Network/loadBalancers/my-lb/loadBalancingRules/LBRuleHTTPS"
            ],
            "loadbalancer_id": "/subscriptions/a5b2fb36-2de8-4f3e-88ce-81d365b92474/resourceGroups/rg/providers/Microsoft.Network/loadBalancers/my-lb",
            "name": "http-probe",
            "number_of_probes": 2,
            "port": 80,
            "probe_threshold": 1,
            "protocol": "Http",
            "request_path": "/",
            "timeouts": null
          },
          "sensitive_attributes": [],
          "private": "eyJlMmJmYjczMC1lY2FhLTExZTYtOGY4OC0zNDM2M2JjN2M0YzAiOnsiY3JlYXRlIjoxODAwMDAwMDAwMDAwLCJkZWxldGUiOjE4MDAwMDAwMDAwMDAsInJlYWQiOjMwMDAwMDAwMDAwMCwidXBkYXRlIjoxODAwMDAwMDAwMDAwfX0=",
          "dependencies": [
            "azurerm_lb.lbr",
            "azurerm_public_ip.lbpip",
            "azurerm_resource_group.rg"
          ]
        }
      ]
    },
    {
      "mode": "managed",
      "type": "azurerm_lb_rule",
      "name": "lbrulehttp",
      "provider": "provider[\"registry.terraform.io/hashicorp/azurerm\"]",
      "instances": [
        {
          "schema_version": 0,
          "attributes": {
            "backend_address_pool_ids": [
              "/subscriptions/a5b2fb36-2de8-4f3e-88ce-81d365b92474/resourceGroups/rg/providers/Microsoft.Network/loadBalancers/my-lb/backendAddressPools/BackEndAddressPool"
            ],
            "backend_port": 80,
            "disable_outbound_snat": false,
            "enable_floating_ip": false,
            "enable_tcp_reset": false,
            "frontend_ip_configuration_id": "/subscriptions/a5b2fb36-2de8-4f3e-88ce-81d365b92474/resourceGroups/rg/providers/Microsoft.Network/loadBalancers/my-lb/frontendIPConfigurations/PublicIPAddress",
            "frontend_ip_configuration_name": "PublicIPAddress",
            "frontend_port": 80,
            "id": "/subscriptions/a5b2fb36-2de8-4f3e-88ce-81d365b92474/resourceGroups/rg/providers/Microsoft.Network/loadBalancers/my-lb/loadBalancingRules/LBRuleHTTP",
            "idle_timeout_in_minutes": 4,
            "load_distribution": "Default",
            "loadbalancer_id": "/subscriptions/a5b2fb36-2de8-4f3e-88ce-81d365b92474/resourceGroups/rg/providers/Microsoft.Network/loadBalancers/my-lb",
            "name": "LBRuleHTTP",
            "probe_id": "/subscriptions/a5b2fb36-2de8-4f3e-88ce-81d365b92474/resourceGroups/rg/providers/Microsoft.Network/loadBalancers/my-lb/probes/http-probe",
            "protocol": "Tcp",
            "timeouts": null
          },
          "sensitive_attributes": [],
          "private": "eyJlMmJmYjczMC1lY2FhLTExZTYtOGY4OC0zNDM2M2JjN2M0YzAiOnsiY3JlYXRlIjoxODAwMDAwMDAwMDAwLCJkZWxldGUiOjE4MDAwMDAwMDAwMDAsInJlYWQiOjMwMDAwMDAwMDAwMCwidXBkYXRlIjoxODAwMDAwMDAwMDAwfX0=",
          "dependencies": [
            "azurerm_lb.lbr",
            "azurerm_lb_backend_address_pool.bepool",
            "azurerm_lb_probe.lbprobe",
            "azurerm_public_ip.lbpip",
            "azurerm_resource_group.rg"
          ]
        }
      ]
    },
    {
      "mode": "managed",
      "type": "azurerm_lb_rule",
      "name": "lbrulehttps",
      "provider": "provider[\"registry.terraform.io/hashicorp/azurerm\"]",
      "instances": [
        {
          "schema_version": 0,
          "attributes": {
            "backend_address_pool_ids": [
              "/subscriptions/a5b2fb36-2de8-4f3e-88ce-81d365b92474/resourceGroups/rg/providers/Microsoft.Network/loadBalancers/my-lb/backendAddressPools/BackEndAddressPool"
            ],
            "backend_port": 443,
            "disable_outbound_snat": false,
            "enable_floating_ip": false,
            "enable_tcp_reset": false,
            "frontend_ip_configuration_id": "/subscriptions/a5b2fb36-2de8-4f3e-88ce-81d365b92474/resourceGroups/rg/providers/Microsoft.Network/loadBalancers/my-lb/frontendIPConfigurations/PublicIPAddress",
            "frontend_ip_configuration_name": "PublicIPAddress",
            "frontend_port": 443,
            "id": "/subscriptions/a5b2fb36-2de8-4f3e-88ce-81d365b92474/resourceGroups/rg/providers/Microsoft.Network/loadBalancers/my-lb/loadBalancingRules/LBRuleHTTPS",
            "idle_timeout_in_minutes": 4,
            "load_distribution": "Default",
            "loadbalancer_id": "/subscriptions/a5b2fb36-2de8-4f3e-88ce-81d365b92474/resourceGroups/rg/providers/Microsoft.Network/loadBalancers/my-lb",
            "name": "LBRuleHTTPS",
            "probe_id": "/subscriptions/a5b2fb36-2de8-4f3e-88ce-81d365b92474/resourceGroups/rg/providers/Microsoft.Network/loadBalancers/my-lb/probes/http-probe",
            "protocol": "Tcp",
            "timeouts": null
          },
          "sensitive_attributes": [],
          "private": "eyJlMmJmYjczMC1lY2FhLTExZTYtOGY4OC0zNDM2M2JjN2M0YzAiOnsiY3JlYXRlIjoxODAwMDAwMDAwMDAwLCJkZWxldGUiOjE4MDAwMDAwMDAwMDAsInJlYWQiOjMwMDAwMDAwMDAwMCwidXBkYXRlIjoxODAwMDAwMDAwMDAwfX0=",
          "dependencies": [
            "azurerm_lb.lbr",
            "azurerm_lb_backend_address_pool.bepool",
            "azurerm_lb_probe.lbprobe",
            "azurerm_public_ip.lbpip",
            "azurerm_resource_group.rg"
          ]
        }
      ]
    },
    {
      "mode": "managed",
      "type": "azurerm_public_ip",
      "name": "lbpip",
      "provider": "provider[\"registry.terraform.io/hashicorp/azurerm\"]",
      "instances": [
        {
          "schema_version": 0,
          "attributes": {
            "allocation_method": "Static",
            "ddos_protection_mode": "VirtualNetworkInherited",
            "ddos_protection_plan_id": null,
            "domain_name_label": null,
            "edge_zone": "",
            "fqdn": null,
            "id": "/subscriptions/a5b2fb36-2de8-4f3e-88ce-81d365b92474/resourceGroups/rg/providers/Microsoft.Network/publicIPAddresses/my-pip",
            "idle_timeout_in_minutes": 4,
            "ip_address": "20.205.42.236",
            "ip_tags": {},
            "ip_version": "IPv4",
            "location": "eastasia",
            "name": "my-pip",
            "public_ip_prefix_id": null,
            "resource_group_name": "rg",
            "reverse_fqdn": null,
            "sku": "Standard",
            "sku_tier": "Regional",
            "tags": {
              "environment": "Dev",
              "owner": "huyldq1",
              "projectname": "azure-lab"
            },
            "timeouts": null,
            "zones": []
          },
          "sensitive_attributes": [],
          "private": "eyJlMmJmYjczMC1lY2FhLTExZTYtOGY4OC0zNDM2M2JjN2M0YzAiOnsiY3JlYXRlIjoxODAwMDAwMDAwMDAwLCJkZWxldGUiOjE4MDAwMDAwMDAwMDAsInJlYWQiOjMwMDAwMDAwMDAwMCwidXBkYXRlIjoxODAwMDAwMDAwMDAwfX0=",
          "dependencies": [
            "azurerm_resource_group.rg"
          ]
        }
      ]
    },
    {
      "mode": "managed",
      "type": "azurerm_resource_group",
      "name": "rg",
      "provider": "provider[\"registry.terraform.io/hashicorp/azurerm\"]",
      "instances": [
        {
          "schema_version": 0,
          "attributes": {
            "id": "/subscriptions/a5b2fb36-2de8-4f3e-88ce-81d365b92474/resourceGroups/rg",
            "location": "eastasia",
            "managed_by": "",
            "name": "rg",
            "tags": {
              "environment": "Dev",
              "owner": "huyldq1",
              "projectname": "azure-lab"
            },
            "timeouts": null
          },
          "sensitive_attributes": [],
          "private": "eyJlMmJmYjczMC1lY2FhLTExZTYtOGY4OC0zNDM2M2JjN2M0YzAiOnsiY3JlYXRlIjo1NDAwMDAwMDAwMDAwLCJkZWxldGUiOjU0MDAwMDAwMDAwMDAsInJlYWQiOjMwMDAwMDAwMDAwMCwidXBkYXRlIjo1NDAwMDAwMDAwMDAwfX0="
        }
      ]
    }
  ],
  "check_results": null
}
